
Microsoft Visual Studio Solution File, Format Version 12.00
# Visual Studio Version 17
VisualStudioVersion = 17.8.34511.84
MinimumVisualStudioVersion = 10.0.40219.1
Project("{FAE04EC0-301F-11D3-BF4B-00C04F79EFBC}") = "TestProcess", "TestProcess\TestProcess.csproj", "{1C8BF57D-D768-4E01-A780-D53BF3BD8392}"
EndProject
Global
	GlobalSection(SolutionConfigurationPlatforms) = preSolution
		Debug|Any CPU = Debug|Any CPU
		Release|Any CPU = Release|Any CPU
	EndGlobalSection
	GlobalSection(ProjectConfigurationPlatforms) = postSolution
		{1C8BF57D-D768-4E01-A780-D53BF3BD8392}.Debug|Any CPU.ActiveCfg = Debug|Any CPU
		{1C8BF57D-D768-4E01-A780-D53BF3BD8392}.Debug|Any CPU.Build.0 = Debug|Any CPU
		{1C8BF57D-D768-4E01-A780-D53BF3BD8392}.Release|Any CPU.ActiveCfg = Release|Any CPU
		{1C8BF57D-D768-4E01-A780-D53BF3BD8392}.Release|Any CPU.Build.0 = Release|Any CPU
	EndGlobalSection
	GlobalSection(SolutionProperties) = preSolution
		HideSolutionNode = FALSE
	EndGlobalSection
	GlobalSection(ExtensibilityGlobals) = postSolution
		SolutionGuid = {5470783E-F08E-4524-88D9-5E1843844411}
	EndGlobalSection
EndGlobal
